{
  "name": "syavorsky.github.io",
  "version": "1.0.0",
  "lockfileVersion": 2,
  "requires": true,
  "packages": {
    "": {
      "version": "1.0.0",
      "license": "ISC",
      "dependencies": {
        "comment-parser": "^1.1.2"
      }
    },
    "node_modules/comment-parser": {
      "version": "1.1.2",
      "resolved": "https://registry.npmjs.org/comment-parser/-/comment-parser-1.1.2.tgz",
      "integrity": "sha512-AOdq0i8ghZudnYv8RUnHrhTgafUGs61Rdz9jemU5x2lnZwAWyOq7vySo626K59e1fVKH1xSRorJwPVRLSWOoAQ==",
      "engines": {
        "node": ">= 10.0.0"
      }
    }
  },
  "dependencies": {
    "comment-parser": {
      "version": "1.1.2",
      "resolved": "https://registry.npmjs.org/comment-parser/-/comment-parser-1.1.2.tgz",
      "integrity": "sha512-AOdq0i8ghZudnYv8RUnHrhTgafUGs61Rdz9jemU5x2lnZwAWyOq7vySo626K59e1fVKH1xSRorJwPVRLSWOoAQ=="
    }
  }
}
