{
  "name": "syavorsky.github.io",
  "version": "1.0.0",
  "lockfileVersion": 1,
  "requires": true,
  "dependencies": {
    "comment-parser": {
      "version": "1.1.1",
      "resolved": "https://registry.npmjs.org/comment-parser/-/comment-parser-1.1.1.tgz",
      "integrity": "sha512-vue7cRi1ZO5/72FJ+wZ5+siTSBlUv3ZksTk8bWD2IkaA6obitzMZP3yI65azTJLckwmi8lxfPP5Sd9oGuZ8e2g=="
    }
  }
}
