{
  "name": "syavorsky.github.io",
  "version": "1.0.0",
  "lockfileVersion": 1,
  "requires": true,
  "dependencies": {
    "comment-parser": {
      "version": "1.1.0",
      "resolved": "https://registry.npmjs.org/comment-parser/-/comment-parser-1.1.0.tgz",
      "integrity": "sha512-Q4dQ9niTWOF01ufvH/z6Z3RsBkwr7G42IsaFjuNliL6CY9ZeOEU3jRwTNY2mTY1ibAsASMrXnlQtx2tOb7Q8MA=="
    }
  }
}
